# THIS IS AN AUTOGENERATED FILE. DO NOT EDIT THIS FILE DIRECTLY.
# yarn lockfile v1


vue-component-type-helpers@^2.2.0:
  version "2.2.0"
  resolved "https://registry.yarnpkg.com/vue-component-type-helpers/-/vue-component-type-helpers-2.2.0.tgz#de5fa802b6beae7125595ec0d3d5195a22691623"
  integrity sha512-cYrAnv2me7bPDcg9kIcGwjJiSB6Qyi08+jLDo9yuvoFQjzHiPTzML7RnkJB1+3P6KMsX/KbCD4QE3Tv/knEllw==
